
Microsoft Visual Studio Solution File, Format Version 12.00
# Visual Studio 15
VisualStudioVersion = 15.0.28307.572
MinimumVisualStudioVersion = 10.0.40219.1
Project("{FAE04EC0-301F-11D3-BF4B-00C04F79EFBC}") = "Mvc-Identity", "Mvc-Identity\Mvc-Identity.csproj", "{8A4C68CA-3418-47E6-9CBA-967A7F89ABE6}"
EndProject
Global
	GlobalSection(SolutionConfigurationPlatforms) = preSolution
		Debug|Any CPU = Debug|Any CPU
		Release|Any CPU = Release|Any CPU
	EndGlobalSection
	GlobalSection(ProjectConfigurationPlatforms) = postSolution
		{8A4C68CA-3418-47E6-9CBA-967A7F89ABE6}.Debug|Any CPU.ActiveCfg = Debug|Any CPU
		{8A4C68CA-3418-47E6-9CBA-967A7F89ABE6}.Debug|Any CPU.Build.0 = Debug|Any CPU
		{8A4C68CA-3418-47E6-9CBA-967A7F89ABE6}.Release|Any CPU.ActiveCfg = Release|Any CPU
		{8A4C68CA-3418-47E6-9CBA-967A7F89ABE6}.Release|Any CPU.Build.0 = Release|Any CPU
	EndGlobalSection
	GlobalSection(SolutionProperties) = preSolution
		HideSolutionNode = FALSE
	EndGlobalSection
	GlobalSection(ExtensibilityGlobals) = postSolution
		SolutionGuid = {3F9AB5A2-1774-48C3-B893-57F96904956C}
	EndGlobalSection
EndGlobal
